// !$*UTF8*$!
{
	archiveVersion = 1;
	classes = {
	};
	objectVersion = 56;
	objects = {

/* Begin PBXBuildFile section */
		D496BD782FD1C64500A61AF9 /* ChatViewModel.swift in Sources */ = {isa = PBXBuildFile; fileRef = D496BD772FD1C64500A61AF9 /* ChatViewModel.swift */; };
		D496BD7A2FD1C70B00A61AF9 /* ContentView.swift in Sources */ = {isa = PBXBuildFile; fileRef = D496BD712FD1BD9000A61AF9 /* ContentView.swift */; };
		D4C07A742FAA7C1C002BFAA4 /* EcoHomeAppApp.swift in Sources */ = {isa = PBXBuildFile; fileRef = D4C07A732FAA7C1C002BFAA4 /* EcoHomeAppApp.swift */; };
		D4C07A782FAA7C20002BFAA4 /* Assets.xcassets in Resources */ = {isa = PBXBuildFile; fileRef = D4C07A772FAA7C20002BFAA4 /* Assets.xcassets */; };
		D4C07A7B2FAA7C20002BFAA4 /* Preview Assets.xcassets in Resources */ = {isa = PBXBuildFile; fileRef = D4C07A7A2FAA7C20002BFAA4 /* Preview Assets.xcassets */; };
		D4C938632FD1B99300738861 /* ChatMessage.swift in Sources */ = {isa = PBXBuildFile; fileRef = D4C938612FD1B99300738861 /* ChatMessage.swift */; };
		D4C938642FD1B99300738861 /* BookingRequest.swift in Sources */ = {isa = PBXBuildFile; fileRef = D4C938622FD1B99300738861 /* BookingRequest.swift */; };
		D4C938662FD1B9B200738861 /* APIService.swift in Sources */ = {isa = PBXBuildFile; fileRef = D4C938652FD1B9B200738861 /* APIService.swift */; };
		D4C9386A2FD1B9DC00738861 /* MessageBubble.swift in Sources */ = {isa = PBXBuildFile; fileRef = D4C938672FD1B9DC00738861 /* MessageBubble.swift */; };
		D4C9386B2FD1B9DC00738861 /* BookingView.swift in Sources */ = {isa = PBXBuildFile; fileRef = D4C938682FD1B9DC00738861 /* BookingView.swift */; };
		D4C9386C2FD1B9DC00738861 /* TypingIndicator.swift in Sources */ = {isa = PBXBuildFile; fileRef = D4C938692FD1B9DC00738861 /* TypingIndicator.swift */; };
/* End PBXBuildFile section */

/* Begin PBXFileReference section */
		D496BD712FD1BD9000A61AF9 /* ContentView.swift */ = {isa = PBXFileReference; fileEncoding = 4; lastKnownFileType = sourcecode.swift; path = ContentView.swift; sourceTree = "<group>"; };
		D496BD772FD1C64500A61AF9 /* ChatViewModel.swift */ = {isa = PBXFileReference; lastKnownFileType = sourcecode.swift; path = ChatViewModel.swift; sourceTree = "<group>"; };
		D4C07A702FAA7C1C002BFAA4 /* EcoHomeApp.app */ = {isa = PBXFileReference; explicitFileType = wrapper.application; includeInIndex = 0; path = EcoHomeApp.app; sourceTree = BUILT_PRODUCTS_DIR; };
		D4C07A732FAA7C1C002BFAA4 /* EcoHomeAppApp.swift */ = {isa = PBXFileReference; lastKnownFileType = sourcecode.swift; path = EcoHomeAppApp.swift; sourceTree = "<group>"; };
		D4C07A772FAA7C20002BFAA4 /* Assets.xcassets */ = {isa = PBXFileReference; lastKnownFileType = folder.assetcatalog; path = Assets.xcassets; sourceTree = "<group>"; };
		D4C07A7A2FAA7C20002BFAA4 /* Preview Assets.xcassets */ = {isa = PBXFileReference; lastKnownFileType = folder.assetcatalog; path = "Preview Assets.xcassets"; sourceTree = "<group>"; };
		D4C938612FD1B99300738861 /* ChatMessage.swift */ = {isa = PBXFileReference; fileEncoding = 4; lastKnownFileType = sourcecode.swift; path = ChatMessage.swift; sourceTree = "<group>"; };
		D4C938622FD1B99300738861 /* BookingRequest.swift */ = {isa = PBXFileReference; fileEncoding = 4; lastKnownFileType = sourcecode.swift; path = BookingRequest.swift; sourceTree = "<group>"; };
		D4C938652FD1B9B200738861 /* APIService.swift */ = {isa = PBXFileReference; fileEncoding = 4; lastKnownFileType = sourcecode.swift; path = APIService.swift; sourceTree = "<group>"; };
		D4C938672FD1B9DC00738861 /* MessageBubble.swift */ = {isa = PBXFileReference; fileEncoding = 4; lastKnownFileType = sourcecode.swift; path = MessageBubble.swift; sourceTree = "<group>"; };
		D4C938682FD1B9DC00738861 /* BookingView.swift */ = {isa = PBXFileReference; fileEncoding = 4; lastKnownFileType = sourcecode.swift; path = BookingView.swift; sourceTree = "<group>"; };
		D4C938692FD1B9DC00738861 /* TypingIndicator.swift */ = {isa = PBXFileReference; fileEncoding = 4; lastKnownFileType = sourcecode.swift; path = TypingIndicator.swift; sourceTree = "<group>"; };
/* End PBXFileReference section */

/* Begin PBXFrameworksBuildPhase section */
		D4C07A6D2FAA7C1C002BFAA4 /* Frameworks */ = {
			isa = PBXFrameworksBuildPhase;
			buildActionMask = 2147483647;
			files = (
			);
			runOnlyForDeploymentPostprocessing = 0;
		};
/* End PBXFrameworksBuildPhase section */

/* Begin PBXGroup section */
		D496BD762FD1C60D00A61AF9 /* ViewModels */ = {
			isa = PBXGroup;
			children = (
				D496BD772FD1C64500A61AF9 /* ChatViewModel.swift */,
			);
			name = ViewModels;
			sourceTree = "<group>";
		};
		D4C07A672FAA7C1C002BFAA4 = {
			isa = PBXGroup;
			children = (
				D4C07A722FAA7C1C002BFAA4 /* EcoHomeApp */,
				D4C07A712FAA7C1C002BFAA4 /* Products */,
			);
			sourceTree = "<group>";
		};
		D4C07A712FAA7C1C002BFAA4 /* Products */ = {
			isa = PBXGroup;
			children = (
				D4C07A702FAA7C1C002BFAA4 /* EcoHomeApp.app */,
			);
			name = Products;
			sourceTree = "<group>";
		};
		D4C07A722FAA7C1C002BFAA4 /* EcoHomeApp */ = {
			isa = PBXGroup;
			children = (
				D496BD762FD1C60D00A61AF9 /* ViewModels */,
				D496BD712FD1BD9000A61AF9 /* ContentView.swift */,
				D4C07A832FAA8020002BFAA4 /* Services */,
				D4C07A822FAA8011002BFAA4 /* Models */,
				D4C07A812FAA7FFC002BFAA4 /* Views */,
				D4C07A732FAA7C1C002BFAA4 /* EcoHomeAppApp.swift */,
				D4C07A772FAA7C20002BFAA4 /* Assets.xcassets */,
				D4C07A792FAA7C20002BFAA4 /* Preview Content */,
			);
			path = EcoHomeApp;
			sourceTree = "<group>";
		};
		D4C07A792FAA7C20002BFAA4 /* Preview Content */ = {
			isa = PBXGroup;
			children = (
				D4C07A7A2FAA7C20002BFAA4 /* Preview Assets.xcassets */,
			);
			path = "Preview Content";
			sourceTree = "<group>";
		};
		D4C07A812FAA7FFC002BFAA4 /* Views */ = {
			isa = PBXGroup;
			children = (
				D4C938682FD1B9DC00738861 /* BookingView.swift */,
				D4C938672FD1B9DC00738861 /* MessageBubble.swift */,
				D4C938692FD1B9DC00738861 /* TypingIndicator.swift */,
			);
			path = Views;
			sourceTree = "<group>";
		};
		D4C07A822FAA8011002BFAA4 /* Models */ = {
			isa = PBXGroup;
			children = (
				D4C938622FD1B99300738861 /* BookingRequest.swift */,
				D4C938612FD1B99300738861 /* ChatMessage.swift */,
			);
			path = Models;
			sourceTree = "<group>";
		};
		D4C07A832FAA8020002BFAA4 /* Services */ = {
			isa = PBXGroup;
			children = (
				D4C938652FD1B9B200738861 /* APIService.swift */,
			);
			path = Services;
			sourceTree = "<group>";
		};
/* End PBXGroup section */

/* Begin PBXNativeTarget section */
		D4C07A6F2FAA7C1C002BFAA4 /* EcoHomeApp */ = {
			isa = PBXNativeTarget;
			buildConfigurationList = D4C07A7E2FAA7C20002BFAA4 /* Build configuration list for PBXNativeTarget "EcoHomeApp" */;
			buildPhases = (
				D4C07A6C2FAA7C1C002BFAA4 /* Sources */,
				D4C07A6D2FAA7C1C002BFAA4 /* Frameworks */,
				D4C07A6E2FAA7C1C002BFAA4 /* Resources */,
			);
			buildRules = (
			);
			dependencies = (
			);
			name = EcoHomeApp;
			productName = EcoHomeApp;
			productReference = D4C07A702FAA7C1C002BFAA4 /* EcoHomeApp.app */;
			productType = "com.apple.product-type.application";
		};
/* End PBXNativeTarget section */

/* Begin PBXProject section */
		D4C07A682FAA7C1C002BFAA4 /* Project object */ = {
			isa = PBXProject;
			attributes = {
				BuildIndependentTargetsInParallel = 1;
				LastSwiftUpdateCheck = 1520;
				LastUpgradeCheck = 1520;
				TargetAttributes = {
					D4C07A6F2FAA7C1C002BFAA4 = {
						CreatedOnToolsVersion = 15.2;
					};
				};
			};
			buildConfigurationList = D4C07A6B2FAA7C1C002BFAA4 /* Build configuration list for PBXProject "EcoHomeApp" */;
			compatibilityVersion = "Xcode 14.0";
			developmentRegion = en;
			hasScannedForEncodings = 0;
			knownRegions = (
				en,
				Base,
			);
			mainGroup = D4C07A672FAA7C1C002BFAA4;
			productRefGroup = D4C07A712FAA7C1C002BFAA4 /* Products */;
			projectDirPath = "";
			projectRoot = "";
			targets = (
				D4C07A6F2FAA7C1C002BFAA4 /* EcoHomeApp */,
			);
		};
/* End PBXProject section */

/* Begin PBXResourcesBuildPhase section */
		D4C07A6E2FAA7C1C002BFAA4 /* Resources */ = {
			isa = PBXResourcesBuildPhase;
			buildActionMask = 2147483647;
			files = (
				D4C07A7B2FAA7C20002BFAA4 /* Preview Assets.xcassets in Resources */,
				D4C07A782FAA7C20002BFAA4 /* Assets.xcassets in Resources */,
			);
			runOnlyForDeploymentPostprocessing = 0;
		};
/* End PBXResourcesBuildPhase section */

/* Begin PBXSourcesBuildPhase section */
		D4C07A6C2FAA7C1C002BFAA4 /* Sources */ = {
			isa = PBXSourcesBuildPhase;
			buildActionMask = 2147483647;
			files = (
				D4C9386C2FD1B9DC00738861 /* TypingIndicator.swift in Sources */,
				D4C938632FD1B99300738861 /* ChatMessage.swift in Sources */,
				D4C9386A2FD1B9DC00738861 /* MessageBubble.swift in Sources */,
				D4C9386B2FD1B9DC00738861 /* BookingView.swift in Sources */,
				D4C938662FD1B9B200738861 /* APIService.swift in Sources */,
				D496BD7A2FD1C70B00A61AF9 /* ContentView.swift in Sources */,
				D4C938642FD1B99300738861 /* BookingRequest.swift in Sources */,
				D496BD782FD1C64500A61AF9 /* ChatViewModel.swift in Sources */,
				D4C07A742FAA7C1C002BFAA4 /* EcoHomeAppApp.swift in Sources */,
			);
			runOnlyForDeploymentPostprocessing = 0;
		};
/* End PBXSourcesBuildPhase section */

/* Begin XCBuildConfiguration section */
		D4C07A7C2FAA7C20002BFAA4 /* Debug */ = {
			isa = XCBuildConfiguration;
			buildSettings = {
				ALWAYS_SEARCH_USER_PATHS = NO;
				ASSETCATALOG_COMPILER_GENERATE_SWIFT_ASSET_SYMBOL_EXTENSIONS = YES;
				CLANG_ANALYZER_NONNULL = YES;
				CLANG_ANALYZER_NUMBER_OBJECT_CONVERSION = YES_AGGRESSIVE;
				CLANG_CXX_LANGUAGE_STANDARD = "gnu++20";
				CLANG_ENABLE_MODULES = YES;
				CLANG_ENABLE_OBJC_ARC = YES;
				CLANG_ENABLE_OBJC_WEAK = YES;
				CLANG_WARN_BLOCK_CAPTURE_AUTORELEASING = YES;
				CLANG_WARN_BOOL_CONVERSION = YES;
				CLANG_WARN_COMMA = YES;
				CLANG_WARN_CONSTANT_CONVERSION = YES;
				CLANG_WARN_DEPRECATED_OBJC_IMPLEMENTATIONS = YES;
				CLANG_WARN_DIRECT_OBJC_ISA_USAGE = YES_ERROR;
				CLANG_WARN_DOCUMENTATION_COMMENTS = YES;
				CLANG_WARN_EMPTY_BODY = YES;
				CLANG_WARN_ENUM_CONVERSION = YES;
				CLANG_WARN_INFINITE_RECURSION = YES;
				CLANG_WARN_INT_CONVERSION = YES;
				CLANG_WARN_NON_LITERAL_NULL_CONVERSION = YES;
				CLANG_WARN_OBJC_IMPLICIT_RETAIN_SELF = YES;
				CLANG_WARN_OBJC_LITERAL_CONVERSION = YES;
				CLANG_WARN_OBJC_ROOT_CLASS = YES_ERROR;
				CLANG_WARN_QUOTED_INCLUDE_IN_FRAMEWORK_HEADER = YES;
				CLANG_WARN_RANGE_LOOP_ANALYSIS = YES;
				CLANG_WARN_STRICT_PROTOTYPES = YES;
				CLANG_WARN_SUSPICIOUS_MOVE = YES;
				CLANG_WARN_UNGUARDED_AVAILABILITY = YES_AGGRESSIVE;
				CLANG_WARN_UNREACHABLE_CODE = YES;
				CLANG_WARN__DUPLICATE_METHOD_MATCH = YES;
				COPY_PHASE_STRIP = NO;
				DEBUG_INFORMATION_FORMAT = dwarf;
				ENABLE_STRICT_OBJC_MSGSEND = YES;
				ENABLE_TESTABILITY = YES;
				ENABLE_USER_SCRIPT_SANDBOXING = YES;
				GCC_C_LANGUAGE_STANDARD = gnu17;
				GCC_DYNAMIC_NO_PIC = NO;
				GCC_NO_COMMON_BLOCKS = YES;
				GCC_OPTIMIZATION_LEVEL = 0;
				GCC_PREPROCESSOR_DEFINITIONS = (
					"DEBUG=1",
					"$(inherited)",
				);
				GCC_WARN_64_TO_32_BIT_CONVERSION = YES;
				GCC_WARN_ABOUT_RETURN_TYPE = YES_ERROR;
				GCC_WARN_UNDECLARED_SELECTOR = YES;
				GCC_WARN_UNINITIALIZED_AUTOS = YES_AGGRESSIVE;
				GCC_WARN_UNUSED_FUNCTION = YES;
				GCC_WARN_UNUSED_VARIABLE = YES;
				IPHONEOS_DEPLOYMENT_TARGET = 17.2;
				LOCALIZATION_PREFERS_STRING_CATALOGS = YES;
				MTL_ENABLE_DEBUG_INFO = INCLUDE_SOURCE;
				MTL_FAST_MATH = YES;
				ONLY_ACTIVE_ARCH = YES;
				SDKROOT = iphoneos;
				SWIFT_ACTIVE_COMPILATION_CONDITIONS = "DEBUG $(inherited)";
				SWIFT_OPTIMIZATION_LEVEL = "-Onone";
			};
			name = Debug;
		};
		D4C07A7D2FAA7C20002BFAA4 /* Release */ = {
			isa = XCBuildConfiguration;
			buildSettings = {
				ALWAYS_SEARCH_USER_PATHS = NO;
				ASSETCATALOG_COMPILER_GENERATE_SWIFT_ASSET_SYMBOL_EXTENSIONS = YES;
				CLANG_ANALYZER_NONNULL = YES;
				CLANG_ANALYZER_NUMBER_OBJECT_CONVERSION = YES_AGGRESSIVE;
				CLANG_CXX_LANGUAGE_STANDARD = "gnu++20";
				CLANG_ENABLE_MODULES = YES;
				CLANG_ENABLE_OBJC_ARC = YES;
				CLANG_ENABLE_OBJC_WEAK = YES;
				CLANG_WARN_BLOCK_CAPTURE_AUTORELEASING = YES;
				CLANG_WARN_BOOL_CONVERSION = YES;
				CLANG_WARN_COMMA = YES;
				CLANG_WARN_CONSTANT_CONVERSION = YES;
				CLANG_WARN_DEPRECATED_OBJC_IMPLEMENTATIONS = YES;
				CLANG_WARN_DIRECT_OBJC_ISA_USAGE = YES_ERROR;
				CLANG_WARN_DOCUMENTATION_COMMENTS = YES;
				CLANG_WARN_EMPTY_BODY = YES;
				CLANG_WARN_ENUM_CONVERSION = YES;
				CLANG_WARN_INFINITE_RECURSION = YES;
				CLANG_WARN_INT_CONVERSION = YES;
				CLANG_WARN_NON_LITERAL_NULL_CONVERSION = YES;
				CLANG_WARN_OBJC_IMPLICIT_RETAIN_SELF = YES;
				CLANG_WARN_OBJC_LITERAL_CONVERSION = YES;
				CLANG_WARN_OBJC_ROOT_CLASS = YES_ERROR;
				CLANG_WARN_QUOTED_INCLUDE_IN_FRAMEWORK_HEADER = YES;
				CLANG_WARN_RANGE_LOOP_ANALYSIS = YES;
				CLANG_WARN_STRICT_PROTOTYPES = YES;
				CLANG_WARN_SUSPICIOUS_MOVE = YES;
				CLANG_WARN_UNGUARDED_AVAILABILITY = YES_AGGRESSIVE;
				CLANG_WARN_UNREACHABLE_CODE = YES;
				CLANG_WARN__DUPLICATE_METHOD_MATCH = YES;
				COPY_PHASE_STRIP = NO;
				DEBUG_INFORMATION_FORMAT = "dwarf-with-dsym";
				ENABLE_NS_ASSERTIONS = NO;
				ENABLE_STRICT_OBJC_MSGSEND = YES;
				ENABLE_USER_SCRIPT_SANDBOXING = YES;
				GCC_C_LANGUAGE_STANDARD = gnu17;
				GCC_NO_COMMON_BLOCKS = YES;
				GCC_WARN_64_TO_32_BIT_CONVERSION = YES;
				GCC_WARN_ABOUT_RETURN_TYPE = YES_ERROR;
				GCC_WARN_UNDECLARED_SELECTOR = YES;
				GCC_WARN_UNINITIALIZED_AUTOS = YES_AGGRESSIVE;
				GCC_WARN_UNUSED_FUNCTION = YES;
				GCC_WARN_UNUSED_VARIABLE = YES;
				IPHONEOS_DEPLOYMENT_TARGET = 17.2;
				LOCALIZATION_PREFERS_STRING_CATALOGS = YES;
				MTL_ENABLE_DEBUG_INFO = NO;
				MTL_FAST_MATH = YES;
				SDKROOT = iphoneos;
				SWIFT_COMPILATION_MODE = wholemodule;
				VALIDATE_PRODUCT = YES;
			};
			name = Release;
		};
		D4C07A7F2FAA7C20002BFAA4 /* Debug */ = {
			isa = XCBuildConfiguration;
			buildSettings = {
				ASSETCATALOG_COMPILER_APPICON_NAME = AppIcon;
				ASSETCATALOG_COMPILER_GLOBAL_ACCENT_COLOR_NAME = AccentColor;
				CODE_SIGN_STYLE = Automatic;
				CURRENT_PROJECT_VERSION = 1;
				DEVELOPMENT_ASSET_PATHS = "\"EcoHomeApp/Preview Content\"";
				DEVELOPMENT_TEAM = 35ZZ529WW3;
				ENABLE_PREVIEWS = YES;
				GENERATE_INFOPLIST_FILE = YES;
				INFOPLIST_KEY_UIApplicationSceneManifest_Generation = YES;
				INFOPLIST_KEY_UIApplicationSupportsIndirectInputEvents = YES;
				INFOPLIST_KEY_UILaunchScreen_Generation = YES;
				INFOPLIST_KEY_UISupportedInterfaceOrientations_iPad = "UIInterfaceOrientationPortrait UIInterfaceOrientationPortraitUpsideDown UIInterfaceOrientationLandscapeLeft UIInterfaceOrientationLandscapeRight";
				INFOPLIST_KEY_UISupportedInterfaceOrientations_iPhone = "UIInterfaceOrientationPortrait UIInterfaceOrientationLandscapeLeft UIInterfaceOrientationLandscapeRight";
				LD_RUNPATH_SEARCH_PATHS = (
					"$(inherited)",
					"@executable_path/Frameworks",
				);
				MARKETING_VERSION = 1.0;
				PRODUCT_BUNDLE_IDENTIFIER = com.prenthuis.ecohome.EcoHomeApp;
				PRODUCT_NAME = "$(TARGET_NAME)";
				SWIFT_EMIT_LOC_STRINGS = YES;
				SWIFT_VERSION = 5.0;
				TARGETED_DEVICE_FAMILY = "1,2";
			};
			name = Debug;
		};
		D4C07A802FAA7C20002BFAA4 /* Release */ = {
			isa = XCBuildConfiguration;
			buildSettings = {
				ASSETCATALOG_COMPILER_APPICON_NAME = AppIcon;
				ASSETCATALOG_COMPILER_GLOBAL_ACCENT_COLOR_NAME = AccentColor;
				CODE_SIGN_STYLE = Automatic;
				CURRENT_PROJECT_VERSION = 1;
				DEVELOPMENT_ASSET_PATHS = "\"EcoHomeApp/Preview Content\"";
				DEVELOPMENT_TEAM = 35ZZ529WW3;
				ENABLE_PREVIEWS = YES;
				GENERATE_INFOPLIST_FILE = YES;
				INFOPLIST_KEY_UIApplicationSceneManifest_Generation = YES;
				INFOPLIST_KEY_UIApplicationSupportsIndirectInputEvents = YES;
				INFOPLIST_KEY_UILaunchScreen_Generation = YES;
				INFOPLIST_KEY_UISupportedInterfaceOrientations_iPad = "UIInterfaceOrientationPortrait UIInterfaceOrientationPortraitUpsideDown UIInterfaceOrientationLandscapeLeft UIInterfaceOrientationLandscapeRight";
				INFOPLIST_KEY_UISupportedInterfaceOrientations_iPhone = "UIInterfaceOrientationPortrait UIInterfaceOrientationLandscapeLeft UIInterfaceOrientationLandscapeRight";
				LD_RUNPATH_SEARCH_PATHS = (
					"$(inherited)",
					"@executable_path/Frameworks",
				);
				MARKETING_VERSION = 1.0;
				PRODUCT_BUNDLE_IDENTIFIER = com.prenthuis.ecohome.EcoHomeApp;
				PRODUCT_NAME = "$(TARGET_NAME)";
				SWIFT_EMIT_LOC_STRINGS = YES;
				SWIFT_VERSION = 5.0;
				TARGETED_DEVICE_FAMILY = "1,2";
			};
			name = Release;
		};
/* End XCBuildConfiguration section */

/* Begin XCConfigurationList section */
		D4C07A6B2FAA7C1C002BFAA4 /* Build configuration list for PBXProject "EcoHomeApp" */ = {
			isa = XCConfigurationList;
			buildConfigurations = (
				D4C07A7C2FAA7C20002BFAA4 /* Debug */,
				D4C07A7D2FAA7C20002BFAA4 /* Release */,
			);
			defaultConfigurationIsVisible = 0;
			defaultConfigurationName = Release;
		};
		D4C07A7E2FAA7C20002BFAA4 /* Build configuration list for PBXNativeTarget "EcoHomeApp" */ = {
			isa = XCConfigurationList;
			buildConfigurations = (
				D4C07A7F2FAA7C20002BFAA4 /* Debug */,
				D4C07A802FAA7C20002BFAA4 /* Release */,
			);
			defaultConfigurationIsVisible = 0;
			defaultConfigurationName = Release;
		};
/* End XCConfigurationList section */
	};
	rootObject = D4C07A682FAA7C1C002BFAA4 /* Project object */;
}
